PODS:
  - StantDrawing (0.0.1)

DEPENDENCIES:
  - StantDrawing (from `~/Workspaces/ios-workspace/stant-drawing`)

EXTERNAL SOURCES:
  StantDrawing:
    :path: "~/Workspaces/ios-workspace/stant-drawing"

SPEC CHECKSUMS:
  StantDrawing: 65b951cfc8aa281545b3a78941803bafd5375e3e

PODFILE CHECKSUM: 1c9b5a27c731334e3570d0b3b3f035fbe237ca80

COCOAPODS: 1.7.3
