PODS:
  - StantDrawing (0.0.1)

DEPENDENCIES:
  - StantDrawing (from `../../StantDrawing.podspec`)

EXTERNAL SOURCES:
  StantDrawing:
    :path: "../../StantDrawing.podspec"

SPEC CHECKSUMS:
  StantDrawing: 65b951cfc8aa281545b3a78941803bafd5375e3e

PODFILE CHECKSUM: b384f8b84945a2295a488d3158882c0876d97ce2

COCOAPODS: 1.7.3
